<?xml version="1.0" encoding="utf-8"?>
<Project ToolsVersion="4.0" xmlns="http://schemas.microsoft.com/developer/msbuild/2003">
  <ItemGroup>
    <Filter Include="Source Files">
      <UniqueIdentifier>{4FC737F1-C7A5-4376-A066-2A32D752A2FF}</UniqueIdentifier>
      <Extensions>cpp;c;cc;cxx;def;odl;idl;hpj;bat;asm;asmx</Extensions>
    </Filter>
    <Filter Include="Header Files">
      <UniqueIdentifier>{93995380-89BD-4b04-88EB-625FBE52EBFB}</UniqueIdentifier>
      <Extensions>h;hh;hpp;hxx;hm;inl;inc;xsd</Extensions>
    </Filter>
    <Filter Include="Resource Files">
      <UniqueIdentifier>{67DA6AB6-F800-4c08-8B7A-83BB121AAD01}</UniqueIdentifier>
      <Extensions>rc;ico;cur;bmp;dlg;rc2;rct;bin;rgs;gif;jpg;jpeg;jpe;resx;tiff;tif;png;wav;mfcribbon-ms</Extensions>
    </Filter>
    <Filter Include="data">
      <UniqueIdentifier>{cc0a78a9-22d4-478d-8f29-97830ffa8ca7}</UniqueIdentifier>
    </Filter>
    <Filter Include="data\shaders">
      <UniqueIdentifier>{596c6960-b63a-4b1e-8fbc-9fd5715ab4d5}</UniqueIdentifier>
    </Filter>
    <Filter Include="data\materials">
      <UniqueIdentifier>{c569c64c-8b48-4315-8adb-82c87f49c1a3}</UniqueIdentifier>
    </Filter>
  </ItemGroup>
  <ItemGroup>
    <ClCompile Include="main.cpp">
      <Filter>Source Files</Filter>
    </ClCompile>
    <ClCompile Include="os_input.cpp">
      <Filter>Source Files</Filter>
    </ClCompile>
    <ClCompile Include="os_support.cpp">
      <Filter>Source Files</Filter>
    </ClCompile>
    <ClCompile Include="vkh.cpp">
      <Filter>Source Files</Filter>
    </ClCompile>
    <ClCompile Include="rendering.cpp">
      <Filter>Source Files</Filter>
    </ClCompile>
    <ClCompile Include="procedural_geo.cpp">
      <Filter>Source Files</Filter>
    </ClCompile>
    <ClCompile Include="file_utils.cpp">
      <Filter>Source Files</Filter>
    </ClCompile>
    <ClCompile Include="mesh.cpp">
      <Filter>Source Files</Filter>
    </ClCompile>
    <ClCompile Include="shader_viewer_app.cpp">
      <Filter>Source Files</Filter>
    </ClCompile>
    <ClCompile Include="timing.cpp">
      <Filter>Source Files</Filter>
    </ClCompile>
    <ClCompile Include="material.cpp">
      <Filter>Source Files</Filter>
    </ClCompile>
    <ClCompile Include="material_loading.cpp">
      <Filter>Source Files</Filter>
    </ClCompile>
  </ItemGroup>
  <ItemGroup>
    <ClInclude Include="os_input.h">
      <Filter>Header Files</Filter>
    </ClInclude>
    <ClInclude Include="os_support.h">
      <Filter>Header Files</Filter>
    </ClInclude>
    <ClInclude Include="stdafx.h">
      <Filter>Header Files</Filter>
    </ClInclude>
    <ClInclude Include="vkh.h">
      <Filter>Header Files</Filter>
    </ClInclude>
    <ClInclude Include="file_utils.h">
      <Filter>Header Files</Filter>
    </ClInclude>
    <ClInclude Include="procedural_geo.h">
      <Filter>Header Files</Filter>
    </ClInclude>
    <ClInclude Include="mesh.h">
      <Filter>Header Files</Filter>
    </ClInclude>
    <ClInclude Include="shader_viewer_app.h">
      <Filter>Header Files</Filter>
    </ClInclude>
    <ClInclude Include="rendering.h">
      <Filter>Header Files</Filter>
    </ClInclude>
    <ClInclude Include="timing.h">
      <Filter>Header Files</Filter>
    </ClInclude>
    <ClInclude Include="asset_rdata_types.h">
      <Filter>Header Files</Filter>
    </ClInclude>
    <ClInclude Include="material.h">
      <Filter>Source Files</Filter>
    </ClInclude>
    <ClInclude Include="vkh_initializers.h">
      <Filter>Header Files</Filter>
    </ClInclude>
    <ClInclude Include="material_loading.h">
      <Filter>Source Files</Filter>
    </ClInclude>
  </ItemGroup>
  <ItemGroup>
    <None Include="compile_all_shaders.bat">
      <Filter>Source Files</Filter>
    </None>
    <None Include="..\data\shaders\fragment_passthrough.frag">
      <Filter>data\shaders</Filter>
    </None>
    <None Include="..\data\shaders\vertex_uvs.vert">
      <Filter>data\shaders</Filter>
    </None>
    <None Include="..\data\materials\show_uvs.mat">
      <Filter>data\materials</Filter>
    </None>
  </ItemGroup>
</Project>